schema=20260817_0006
python=3.11.11
uv=0.6.5
fastapi=0.141.1
sqlalchemy=2.0.52
alembic=1.19.1
pydantic=2.13.4
httpx=0.28.1
pymupdf=1.28.2
lancedb=0.37.1
pyarrow=23.0.1
node=20.20.2
npm=10.8.2
rust=1.97.1
tauri=2.11.5
tauri_cli=2.11.4
pyinstaller=6.22.1
mcp=1.29.0
mineru=external-component
minimax_embedding_model=embo-01
minimax_embedding_dimensions=1536
deepseek_model=deepseek-chat
release_sidecar_sha256=3b816f682fd25769eaf0b99dc73c197d4c967b1afaf4288b245d787d165b1669
